github.com/davecgh/go-spew v1.1.1 h1:vj9j/u1bqnvCEfJOwUhtlOARqs3+rkHYY13jYWTU97c=
github.com/davecgh/go-spew v1.1.1/go.mod h1:J7Y8YcW2NihsgmVo/mv3lAwl/skON4iLHjSsI+c5H38=
github.com/inconshreveable/mousetrap v1.0.1 h1:U3uMjPSQEBMNp1lFxmllqCPM6P5u/Xq7Pgzkat/bFNc=
github.com/inconshreveable/mousetrap v1.0.1/go.mod h1:vpF70FUmC8bwa3OWnCshd2FqLfsEA9PFc4w1p2J65bw=
github.com/pmezard/go-difflib v1.0.0 h1:4DBwDE0NGyQoBHbLQYPwSUPoCMWR5BEzIk/f1lZbAQM=
github.com/pmezard/go-difflib v1.0.0/go.mod h1:iKH77koFhYxTK1pcRnkKkqfTogsbg7gZNVY4sRDYZ/4=
github.com/spf13/cobra v0.0.3 h1:ZlrZ4XsMRm04Fr5pSFxBgfND2EBVa1nLpiy1stUsX/8=
github.com/spf13/cobra v0.0.3/go.mod h1:1l0Ry5zgKvJasoi3XT1TypsSe7PqH0Sj9dhYf7v3XqQ=
github.com/spf13/pflag v1.0.3 h1:zPAT6CGy6wXeQ7NtTnaTerfKOsV6V6F8agHXFiazDkg=
github.com/spf13/pflag v1.0.3/go.mod h1:DYY7MBk1bdzusC3SYhjObp+wFpr4gzcvqqNjLnInEg4=
github.com/stretchr/testify v1.2.2 h1:bSDNvY7ZPG5RlJ8otE/7V6gMiyenm9RtJ7IUVIAoJ1w=
github.com/stretchr/testify v1.2.2/go.mod h1:a8OnRcib4nhh0OaRAV+Yts87kKdq0PP7pXfy6kDkUVs=
github.com/xamenyap/gochuck v0.1.0 h1:J5HGi1E3SLFF1I9UzuFV1U9rHk+pCIP5sA0I4hWkXXw=
github.com/xamenyap/gochuck v0.1.0/go.mod h1:NyQqWJO10UwL03YicWgL60yBYjDWiHSVOK31L0ILsSY=
github.com/xamenyap/gochuck v0.1.1 h1:hoxcllhGdWtLZ7Uy9AWMkIbA25nUbZtkPpydqtthf14=
github.com/xamenyap/gochuck v0.1.1/go.mod h1:2qqO/vN/G0/MczYb2l50PrWTxXHH9FMLXUBwhI7GPdg=
